
Microsoft Visual Studio Solution File, Format Version 12.00
# Visual Studio Version 16
VisualStudioVersion = 16.0.31025.194
MinimumVisualStudioVersion = 10.0.40219.1
Project("{FAE04EC0-301F-11D3-BF4B-00C04F79EFBC}") = "CompGraf Lab4", "CompGraf Lab4.csproj", "{7B755C1A-5C6B-4A3F-8C80-C9DFEBB65552}"
EndProject
Global
	GlobalSection(SolutionConfigurationPlatforms) = preSolution
		Debug|Any CPU = Debug|Any CPU
		Release|Any CPU = Release|Any CPU
	EndGlobalSection
	GlobalSection(ProjectConfigurationPlatforms) = postSolution
		{7B755C1A-5C6B-4A3F-8C80-C9DFEBB65552}.Debug|Any CPU.ActiveCfg = Debug|Any CPU
		{7B755C1A-5C6B-4A3F-8C80-C9DFEBB65552}.Debug|Any CPU.Build.0 = Debug|Any CPU
		{7B755C1A-5C6B-4A3F-8C80-C9DFEBB65552}.Release|Any CPU.ActiveCfg = Release|Any CPU
		{7B755C1A-5C6B-4A3F-8C80-C9DFEBB65552}.Release|Any CPU.Build.0 = Release|Any CPU
	EndGlobalSection
	GlobalSection(SolutionProperties) = preSolution
		HideSolutionNode = FALSE
	EndGlobalSection
	GlobalSection(ExtensibilityGlobals) = postSolution
		SolutionGuid = {5B2AD804-463D-4F09-B4C5-BDCFEE535C1C}
	EndGlobalSection
EndGlobal
