
Microsoft Visual Studio Solution File, Format Version 12.00
# Visual Studio Version 16
VisualStudioVersion = 16.0.31229.75
MinimumVisualStudioVersion = 10.0.40219.1
Project("{FAE04EC0-301F-11D3-BF4B-00C04F79EFBC}") = "LR2", "LR2\LR2.csproj", "{153D6031-2D76-4080-83DB-F5A835FE673D}"
EndProject
Global
	GlobalSection(SolutionConfigurationPlatforms) = preSolution
		Debug|Any CPU = Debug|Any CPU
		Release|Any CPU = Release|Any CPU
	EndGlobalSection
	GlobalSection(ProjectConfigurationPlatforms) = postSolution
		{153D6031-2D76-4080-83DB-F5A835FE673D}.Debug|Any CPU.ActiveCfg = Debug|Any CPU
		{153D6031-2D76-4080-83DB-F5A835FE673D}.Debug|Any CPU.Build.0 = Debug|Any CPU
		{153D6031-2D76-4080-83DB-F5A835FE673D}.Release|Any CPU.ActiveCfg = Release|Any CPU
		{153D6031-2D76-4080-83DB-F5A835FE673D}.Release|Any CPU.Build.0 = Release|Any CPU
	EndGlobalSection
	GlobalSection(SolutionProperties) = preSolution
		HideSolutionNode = FALSE
	EndGlobalSection
	GlobalSection(ExtensibilityGlobals) = postSolution
		SolutionGuid = {213305EF-A399-4AC6-9E68-50FE1167E427}
	EndGlobalSection
EndGlobal
