
Microsoft Visual Studio Solution File, Format Version 12.00
# Visual Studio Version 16
VisualStudioVersion = 16.0.31025.194
MinimumVisualStudioVersion = 10.0.40219.1
Project("{FAE04EC0-301F-11D3-BF4B-00C04F79EFBC}") = "CompGraf.Lab3", "CompGraf.Lab3.csproj", "{6E3CBC80-4365-4310-A1C2-7A1CA3E07BEF}"
EndProject
Global
	GlobalSection(SolutionConfigurationPlatforms) = preSolution
		Debug|Any CPU = Debug|Any CPU
		Release|Any CPU = Release|Any CPU
	EndGlobalSection
	GlobalSection(ProjectConfigurationPlatforms) = postSolution
		{6E3CBC80-4365-4310-A1C2-7A1CA3E07BEF}.Debug|Any CPU.ActiveCfg = Debug|Any CPU
		{6E3CBC80-4365-4310-A1C2-7A1CA3E07BEF}.Debug|Any CPU.Build.0 = Debug|Any CPU
		{6E3CBC80-4365-4310-A1C2-7A1CA3E07BEF}.Release|Any CPU.ActiveCfg = Release|Any CPU
		{6E3CBC80-4365-4310-A1C2-7A1CA3E07BEF}.Release|Any CPU.Build.0 = Release|Any CPU
	EndGlobalSection
	GlobalSection(SolutionProperties) = preSolution
		HideSolutionNode = FALSE
	EndGlobalSection
	GlobalSection(ExtensibilityGlobals) = postSolution
		SolutionGuid = {17EFDCA1-2127-4A92-8898-BBD540B02339}
	EndGlobalSection
EndGlobal
